<?xml version="1.0" encoding="utf-8"?>
<Project ToolsVersion="4.0" xmlns="http://schemas.microsoft.com/developer/msbuild/2003">
  <ItemGroup>
    <Filter Include="Marble">
      <UniqueIdentifier>{78B897C2-645A-C298-4D15-D6EC395649E9}</UniqueIdentifier>
    </Filter>
    <Filter Include="Marble\Events">
      <UniqueIdentifier>{5C2D0AEE-C8ED-8524-9128-CFA1FDA7CA00}</UniqueIdentifier>
    </Filter>
    <Filter Include="Marble\Platform">
      <UniqueIdentifier>{CCFB68B5-3887-D679-4198-596EADA2327A}</UniqueIdentifier>
    </Filter>
    <Filter Include="Marble\Platform\Windows">
      <UniqueIdentifier>{06B26BF9-72E9-B390-7BF3-17B4E7A9DA89}</UniqueIdentifier>
    </Filter>
  </ItemGroup>
  <ItemGroup>
    <ClInclude Include="src\Marble.h" />
    <ClInclude Include="src\Marble\Application.h">
      <Filter>Marble</Filter>
    </ClInclude>
    <ClInclude Include="src\Marble\Core.h">
      <Filter>Marble</Filter>
    </ClInclude>
    <ClInclude Include="src\Marble\EntryPoint.h">
      <Filter>Marble</Filter>
    </ClInclude>
    <ClInclude Include="src\Marble\Events\ApplicationEvent.h">
      <Filter>Marble\Events</Filter>
    </ClInclude>
    <ClInclude Include="src\Marble\Events\Event.h">
      <Filter>Marble\Events</Filter>
    </ClInclude>
    <ClInclude Include="src\Marble\Events\KeyEvent.h">
      <Filter>Marble\Events</Filter>
    </ClInclude>
    <ClInclude Include="src\Marble\Events\MouseEvent.h">
      <Filter>Marble\Events</Filter>
    </ClInclude>
    <ClInclude Include="src\Marble\Layer.h">
      <Filter>Marble</Filter>
    </ClInclude>
    <ClInclude Include="src\Marble\LayerStack.h">
      <Filter>Marble</Filter>
    </ClInclude>
    <ClInclude Include="src\Marble\Log.h">
      <Filter>Marble</Filter>
    </ClInclude>
    <ClInclude Include="src\Marble\Platform\Windows\WindowsWindow.h">
      <Filter>Marble\Platform\Windows</Filter>
    </ClInclude>
    <ClInclude Include="src\Marble\Window.h">
      <Filter>Marble</Filter>
    </ClInclude>
    <ClInclude Include="src\mbpch.h" />
  </ItemGroup>
  <ItemGroup>
    <ClCompile Include="src\Marble\Application.cpp">
      <Filter>Marble</Filter>
    </ClCompile>
    <ClCompile Include="src\Marble\Layer.cpp">
      <Filter>Marble</Filter>
    </ClCompile>
    <ClCompile Include="src\Marble\LayerStack.cpp">
      <Filter>Marble</Filter>
    </ClCompile>
    <ClCompile Include="src\Marble\Log.cpp">
      <Filter>Marble</Filter>
    </ClCompile>
    <ClCompile Include="src\Marble\Platform\Windows\WindowsWindow.cpp">
      <Filter>Marble\Platform\Windows</Filter>
    </ClCompile>
    <ClCompile Include="src\mbpch.cpp" />
  </ItemGroup>
</Project>